
Microsoft Visual Studio Solution File, Format Version 12.00
# Visual Studio Version 17
VisualStudioVersion = 17.9.34728.123
MinimumVisualStudioVersion = 10.0.40219.1
Project("{9A19103F-16F7-4668-BE54-9A1E7A4F7556}") = "SilverPE_API", "SilverPE_API\SilverPE_API.csproj", "{5ED804E9-E0B1-40FB-8FA7-E50E3F5000CE}"
EndProject
Project("{9A19103F-16F7-4668-BE54-9A1E7A4F7556}") = "SilverPE_BOs", "SilverPE_BOs\SilverPE_BOs.csproj", "{5D977E05-90A2-4F94-B64E-B9C2C90F56D3}"
EndProject
Project("{9A19103F-16F7-4668-BE54-9A1E7A4F7556}") = "SilverPE_DAO", "SilverPE_DAO\SilverPE_DAO.csproj", "{706BC4C1-48FC-458D-A38F-5C4DF77B2640}"
EndProject
Project("{9A19103F-16F7-4668-BE54-9A1E7A4F7556}") = "SilverPE_Repository", "SilverPE_Repository\SilverPE_Repository.csproj", "{F24ACCA2-9D35-487D-8934-8485D2E1D437}"
EndProject
Project("{FAE04EC0-301F-11D3-BF4B-00C04F79EFBC}") = "SilverRazorPage", "SilverRazorPage\SilverRazorPage.csproj", "{228BB442-7556-4A2C-8E26-C6CA005138E6}"
EndProject
Global
	GlobalSection(SolutionConfigurationPlatforms) = preSolution
		Debug|Any CPU = Debug|Any CPU
		Release|Any CPU = Release|Any CPU
	EndGlobalSection
	GlobalSection(ProjectConfigurationPlatforms) = postSolution
		{5ED804E9-E0B1-40FB-8FA7-E50E3F5000CE}.Debug|Any CPU.ActiveCfg = Debug|Any CPU
		{5ED804E9-E0B1-40FB-8FA7-E50E3F5000CE}.Debug|Any CPU.Build.0 = Debug|Any CPU
		{5ED804E9-E0B1-40FB-8FA7-E50E3F5000CE}.Release|Any CPU.ActiveCfg = Release|Any CPU
		{5ED804E9-E0B1-40FB-8FA7-E50E3F5000CE}.Release|Any CPU.Build.0 = Release|Any CPU
		{5D977E05-90A2-4F94-B64E-B9C2C90F56D3}.Debug|Any CPU.ActiveCfg = Debug|Any CPU
		{5D977E05-90A2-4F94-B64E-B9C2C90F56D3}.Debug|Any CPU.Build.0 = Debug|Any CPU
		{5D977E05-90A2-4F94-B64E-B9C2C90F56D3}.Release|Any CPU.ActiveCfg = Release|Any CPU
		{5D977E05-90A2-4F94-B64E-B9C2C90F56D3}.Release|Any CPU.Build.0 = Release|Any CPU
		{706BC4C1-48FC-458D-A38F-5C4DF77B2640}.Debug|Any CPU.ActiveCfg = Debug|Any CPU
		{706BC4C1-48FC-458D-A38F-5C4DF77B2640}.Debug|Any CPU.Build.0 = Debug|Any CPU
		{706BC4C1-48FC-458D-A38F-5C4DF77B2640}.Release|Any CPU.ActiveCfg = Release|Any CPU
		{706BC4C1-48FC-458D-A38F-5C4DF77B2640}.Release|Any CPU.Build.0 = Release|Any CPU
		{F24ACCA2-9D35-487D-8934-8485D2E1D437}.Debug|Any CPU.ActiveCfg = Debug|Any CPU
		{F24ACCA2-9D35-487D-8934-8485D2E1D437}.Debug|Any CPU.Build.0 = Debug|Any CPU
		{F24ACCA2-9D35-487D-8934-8485D2E1D437}.Release|Any CPU.ActiveCfg = Release|Any CPU
		{F24ACCA2-9D35-487D-8934-8485D2E1D437}.Release|Any CPU.Build.0 = Release|Any CPU
		{228BB442-7556-4A2C-8E26-C6CA005138E6}.Debug|Any CPU.ActiveCfg = Debug|Any CPU
		{228BB442-7556-4A2C-8E26-C6CA005138E6}.Debug|Any CPU.Build.0 = Debug|Any CPU
		{228BB442-7556-4A2C-8E26-C6CA005138E6}.Release|Any CPU.ActiveCfg = Release|Any CPU
		{228BB442-7556-4A2C-8E26-C6CA005138E6}.Release|Any CPU.Build.0 = Release|Any CPU
	EndGlobalSection
	GlobalSection(SolutionProperties) = preSolution
		HideSolutionNode = FALSE
	EndGlobalSection
	GlobalSection(ExtensibilityGlobals) = postSolution
		SolutionGuid = {456D6254-AD70-450B-A2DA-FC5CB09834B8}
	EndGlobalSection
EndGlobal
